
Microsoft Visual Studio Solution File, Format Version 12.00
# Visual Studio Version 17
VisualStudioVersion = 17.14.36414.22
MinimumVisualStudioVersion = 10.0.40219.1
Project("{FAE04EC0-301F-11D3-BF4B-00C04F79EFBC}") = "UserManagementSystem", "UserManagementSystem\UserManagementSystem.csproj", "{B576311F-0FA0-4095-9669-B2282B6D68A2}"
EndProject
Global
	GlobalSection(SolutionConfigurationPlatforms) = preSolution
		Debug|Any CPU = Debug|Any CPU
		Release|Any CPU = Release|Any CPU
	EndGlobalSection
	GlobalSection(ProjectConfigurationPlatforms) = postSolution
		{B576311F-0FA0-4095-9669-B2282B6D68A2}.Debug|Any CPU.ActiveCfg = Debug|Any CPU
		{B576311F-0FA0-4095-9669-B2282B6D68A2}.Debug|Any CPU.Build.0 = Debug|Any CPU
		{B576311F-0FA0-4095-9669-B2282B6D68A2}.Release|Any CPU.ActiveCfg = Release|Any CPU
		{B576311F-0FA0-4095-9669-B2282B6D68A2}.Release|Any CPU.Build.0 = Release|Any CPU
	EndGlobalSection
	GlobalSection(SolutionProperties) = preSolution
		HideSolutionNode = FALSE
	EndGlobalSection
	GlobalSection(ExtensibilityGlobals) = postSolution
		SolutionGuid = {46879E51-DDBE-4D5D-8E7A-A8D6A773BD96}
	EndGlobalSection
EndGlobal
